
Microsoft Visual Studio Solution File, Format Version 12.00
# Visual Studio Version 17
VisualStudioVersion = 17.7.34221.43
MinimumVisualStudioVersion = 10.0.40219.1
Project("{FAE04EC0-301F-11D3-BF4B-00C04F79EFBC}") = "CaseAlp", "CaseAlp\CaseAlp.csproj", "{B201A749-A25B-44B1-AD48-9620D71635EB}"
EndProject
Global
	GlobalSection(SolutionConfigurationPlatforms) = preSolution
		Debug|Any CPU = Debug|Any CPU
		Release|Any CPU = Release|Any CPU
	EndGlobalSection
	GlobalSection(ProjectConfigurationPlatforms) = postSolution
		{B201A749-A25B-44B1-AD48-9620D71635EB}.Debug|Any CPU.ActiveCfg = Debug|Any CPU
		{B201A749-A25B-44B1-AD48-9620D71635EB}.Debug|Any CPU.Build.0 = Debug|Any CPU
		{B201A749-A25B-44B1-AD48-9620D71635EB}.Release|Any CPU.ActiveCfg = Release|Any CPU
		{B201A749-A25B-44B1-AD48-9620D71635EB}.Release|Any CPU.Build.0 = Release|Any CPU
	EndGlobalSection
	GlobalSection(SolutionProperties) = preSolution
		HideSolutionNode = FALSE
	EndGlobalSection
	GlobalSection(ExtensibilityGlobals) = postSolution
		SolutionGuid = {231AE957-603D-48BB-8578-81C8F50EA1BA}
	EndGlobalSection
EndGlobal
